
Microsoft Visual Studio Solution File, Format Version 12.00
# Visual Studio 15
VisualStudioVersion = 15.0.28307.1169
MinimumVisualStudioVersion = 10.0.40219.1
Project("{FAE04EC0-301F-11D3-BF4B-00C04F79EFBC}") = "Task8Version2", "Task8Version2\Task8Version2.csproj", "{9FC077DB-1DFF-418A-91C0-CADC390CB1E7}"
EndProject
Global
	GlobalSection(SolutionConfigurationPlatforms) = preSolution
		Debug|Any CPU = Debug|Any CPU
		Release|Any CPU = Release|Any CPU
	EndGlobalSection
	GlobalSection(ProjectConfigurationPlatforms) = postSolution
		{9FC077DB-1DFF-418A-91C0-CADC390CB1E7}.Debug|Any CPU.ActiveCfg = Debug|Any CPU
		{9FC077DB-1DFF-418A-91C0-CADC390CB1E7}.Debug|Any CPU.Build.0 = Debug|Any CPU
		{9FC077DB-1DFF-418A-91C0-CADC390CB1E7}.Release|Any CPU.ActiveCfg = Release|Any CPU
		{9FC077DB-1DFF-418A-91C0-CADC390CB1E7}.Release|Any CPU.Build.0 = Release|Any CPU
	EndGlobalSection
	GlobalSection(SolutionProperties) = preSolution
		HideSolutionNode = FALSE
	EndGlobalSection
	GlobalSection(ExtensibilityGlobals) = postSolution
		SolutionGuid = {5D420D80-BCF9-4304-8E1D-748E7F57FE08}
	EndGlobalSection
EndGlobal
