
Microsoft Visual Studio Solution File, Format Version 12.00
# Visual Studio 15
VisualStudioVersion = 15.0.28307.572
MinimumVisualStudioVersion = 10.0.40219.1
Project("{FAE04EC0-301F-11D3-BF4B-00C04F79EFBC}") = "Task5Version2", "Task5Version2\Task5Version2.csproj", "{B3ED766E-E982-477F-B906-DAFA907A7B93}"
EndProject
Global
	GlobalSection(SolutionConfigurationPlatforms) = preSolution
		Debug|Any CPU = Debug|Any CPU
		Release|Any CPU = Release|Any CPU
	EndGlobalSection
	GlobalSection(ProjectConfigurationPlatforms) = postSolution
		{B3ED766E-E982-477F-B906-DAFA907A7B93}.Debug|Any CPU.ActiveCfg = Debug|Any CPU
		{B3ED766E-E982-477F-B906-DAFA907A7B93}.Debug|Any CPU.Build.0 = Debug|Any CPU
		{B3ED766E-E982-477F-B906-DAFA907A7B93}.Release|Any CPU.ActiveCfg = Release|Any CPU
		{B3ED766E-E982-477F-B906-DAFA907A7B93}.Release|Any CPU.Build.0 = Release|Any CPU
	EndGlobalSection
	GlobalSection(SolutionProperties) = preSolution
		HideSolutionNode = FALSE
	EndGlobalSection
	GlobalSection(ExtensibilityGlobals) = postSolution
		SolutionGuid = {7D425BCD-11EB-4D24-BF0E-F03B3650833D}
	EndGlobalSection
EndGlobal
